<?xml version="1.0" encoding="utf-8"?>
<Project ToolsVersion="4.0" xmlns="http://schemas.microsoft.com/developer/msbuild/2003">
  <ItemGroup>
    <Filter Include="Source Files">
      <UniqueIdentifier>{4FC737F1-C7A5-4376-A066-2A32D752A2FF}</UniqueIdentifier>
      <Extensions>cpp;c;cc;cxx;c++;cppm;ixx;def;odl;idl;hpj;bat;asm;asmx</Extensions>
    </Filter>
    <Filter Include="Header Files">
      <UniqueIdentifier>{93995380-89BD-4b04-88EB-625FBE52EBFB}</UniqueIdentifier>
      <Extensions>h;hh;hpp;hxx;h++;hm;inl;inc;ipp;xsd</Extensions>
    </Filter>
    <Filter Include="Resource Files">
      <UniqueIdentifier>{67DA6AB6-F800-4c08-8B7A-83BB121AAD01}</UniqueIdentifier>
      <Extensions>rc;ico;cur;bmp;dlg;rc2;rct;bin;rgs;gif;jpg;jpeg;jpe;resx;tiff;tif;png;wav;mfcribbon-ms</Extensions>
    </Filter>
  </ItemGroup>
  <ItemGroup>
    <ClCompile Include="src\Bezier_Curve.cpp">
      <Filter>Source Files</Filter>
    </ClCompile>
    <ClCompile Include="src\Bezier_Surface.cpp">
      <Filter>Source Files</Filter>
    </ClCompile>
    <ClCompile Include="src\Matrices.cpp">
      <Filter>Source Files</Filter>
    </ClCompile>
    <ClCompile Include="src\Render_Color.cpp">
      <Filter>Source Files</Filter>
    </ClCompile>
    <ClCompile Include="src\Main.cpp">
      <Filter>Source Files</Filter>
    </ClCompile>
    <ClCompile Include="header_files\Text_Renderer.h">
      <Filter>Source Files</Filter>
    </ClCompile>
    <ClCompile Include="src\Perspective_Projection.cpp">
      <Filter>Source Files</Filter>
    </ClCompile>
    <ClCompile Include="src\Utils.cpp">
      <Filter>Source Files</Filter>
    </ClCompile>
    <ClCompile Include="src\Config.cpp">
      <Filter>Source Files</Filter>
    </ClCompile>
    <ClCompile Include="src\Text_Renderer.cpp">
      <Filter>Source Files</Filter>
    </ClCompile>
  </ItemGroup>
  <ItemGroup>
    <Text Include="Objects\teacup.txt" />
    <Text Include="Objects\teapotCGA.txt" />
    <Text Include="Objects\teaspoon.txt" />
  </ItemGroup>
  <ItemGroup>
    <ClInclude Include="header_files\Bezier_Surface.h">
      <Filter>Header Files</Filter>
    </ClInclude>
    <ClInclude Include="header_files\Bezier_Curve.h">
      <Filter>Header Files</Filter>
    </ClInclude>
    <ClInclude Include="header_files\Point_3d.h">
      <Filter>Header Files</Filter>
    </ClInclude>
    <ClInclude Include="header_files\Point_2d.h">
      <Filter>Header Files</Filter>
    </ClInclude>
    <ClInclude Include="header_files\Render_Color.h">
      <Filter>Header Files</Filter>
    </ClInclude>
    <ClInclude Include="header_files\Matrices.h">
      <Filter>Header Files</Filter>
    </ClInclude>
    <ClInclude Include="header_files\Utils.h">
      <Filter>Header Files</Filter>
    </ClInclude>
    <ClInclude Include="header_files\Perspective_Projection.h">
      <Filter>Header Files</Filter>
    </ClInclude>
    <ClInclude Include="header_files\Config.h">
      <Filter>Header Files</Filter>
    </ClInclude>
  </ItemGroup>
</Project>